// !$*UTF8*$!
{
	archiveVersion = 1;
	classes = {
	};
	objectVersion = 46;
	objects = {

/* Begin PBXBuildFile section */
		853A03B91DE891DB0022CDE0 /* AppDelegate.swift in Sources */ = {isa = PBXBuildFile; fileRef = 853A03B81DE891DB0022CDE0 /* AppDelegate.swift */; };
		853A03BB1DE891DB0022CDE0 /* ViewController.swift in Sources */ = {isa = PBXBuildFile; fileRef = 853A03BA1DE891DB0022CDE0 /* ViewController.swift */; };
		853A03BE1DE891DB0022CDE0 /* Main.storyboard in Resources */ = {isa = PBXBuildFile; fileRef = 853A03BC1DE891DB0022CDE0 /* Main.storyboard */; };
		853A03C01DE891DB0022CDE0 /* Assets.xcassets in Resources */ = {isa = PBXBuildFile; fileRef = 853A03BF1DE891DB0022CDE0 /* Assets.xcassets */; };
		853A03C31DE891DB0022CDE0 /* LaunchScreen.storyboard in Resources */ = {isa = PBXBuildFile; fileRef = 853A03C11DE891DB0022CDE0 /* LaunchScreen.storyboard */; };
		853A03CE1DE891DB0022CDE0 /* ffmpegTests.swift in Sources */ = {isa = PBXBuildFile; fileRef = 853A03CD1DE891DB0022CDE0 /* ffmpegTests.swift */; };
		853A03D91DE891DB0022CDE0 /* ffmpegUITests.swift in Sources */ = {isa = PBXBuildFile; fileRef = 853A03D81DE891DB0022CDE0 /* ffmpegUITests.swift */; };
		8574AE421DE892B4001B8A18 /* FFmpeg-iOS in Resources */ = {isa = PBXBuildFile; fileRef = 8574AE411DE892B4001B8A18 /* FFmpeg-iOS */; };
		8574AE461DE8969A001B8A18 /* MediaPlayer.framework in Frameworks */ = {isa = PBXBuildFile; fileRef = 8574AE451DE8969A001B8A18 /* MediaPlayer.framework */; };
/* End PBXBuildFile section */

/* Begin PBXContainerItemProxy section */
		853A03CA1DE891DB0022CDE0 /* PBXContainerItemProxy */ = {
			isa = PBXContainerItemProxy;
			containerPortal = 853A03AD1DE891DB0022CDE0 /* Project object */;
			proxyType = 1;
			remoteGlobalIDString = 853A03B41DE891DB0022CDE0;
			remoteInfo = ffmpeg;
		};
		853A03D51DE891DB0022CDE0 /* PBXContainerItemProxy */ = {
			isa = PBXContainerItemProxy;
			containerPortal = 853A03AD1DE891DB0022CDE0 /* Project object */;
			proxyType = 1;
			remoteGlobalIDString = 853A03B41DE891DB0022CDE0;
			remoteInfo = ffmpeg;
		};
/* End PBXContainerItemProxy section */

/* Begin PBXFileReference section */
		853A03B51DE891DB0022CDE0 /* ffmpeg.app */ = {isa = PBXFileReference; explicitFileType = wrapper.application; includeInIndex = 0; path = ffmpeg.app; sourceTree = BUILT_PRODUCTS_DIR; };
		853A03B81DE891DB0022CDE0 /* AppDelegate.swift */ = {isa = PBXFileReference; lastKnownFileType = sourcecode.swift; path = AppDelegate.swift; sourceTree = "<group>"; };
		853A03BA1DE891DB0022CDE0 /* ViewController.swift */ = {isa = PBXFileReference; lastKnownFileType = sourcecode.swift; path = ViewController.swift; sourceTree = "<group>"; };
		853A03BD1DE891DB0022CDE0 /* Base */ = {isa = PBXFileReference; lastKnownFileType = file.storyboard; name = Base; path = Base.lproj/Main.storyboard; sourceTree = "<group>"; };
		853A03BF1DE891DB0022CDE0 /* Assets.xcassets */ = {isa = PBXFileReference; lastKnownFileType = folder.assetcatalog; path = Assets.xcassets; sourceTree = "<group>"; };
		853A03C21DE891DB0022CDE0 /* Base */ = {isa = PBXFileReference; lastKnownFileType = file.storyboard; name = Base; path = Base.lproj/LaunchScreen.storyboard; sourceTree = "<group>"; };
		853A03C41DE891DB0022CDE0 /* Info.plist */ = {isa = PBXFileReference; lastKnownFileType = text.plist.xml; path = Info.plist; sourceTree = "<group>"; };
		853A03C91DE891DB0022CDE0 /* ffmpegTests.xctest */ = {isa = PBXFileReference; explicitFileType = wrapper.cfbundle; includeInIndex = 0; path = ffmpegTests.xctest; sourceTree = BUILT_PRODUCTS_DIR; };
		853A03CD1DE891DB0022CDE0 /* ffmpegTests.swift */ = {isa = PBXFileReference; lastKnownFileType = sourcecode.swift; path = ffmpegTests.swift; sourceTree = "<group>"; };
		853A03CF1DE891DB0022CDE0 /* Info.plist */ = {isa = PBXFileReference; lastKnownFileType = text.plist.xml; path = Info.plist; sourceTree = "<group>"; };
		853A03D41DE891DB0022CDE0 /* ffmpegUITests.xctest */ = {isa = PBXFileReference; explicitFileType = wrapper.cfbundle; includeInIndex = 0; path = ffmpegUITests.xctest; sourceTree = BUILT_PRODUCTS_DIR; };
		853A03D81DE891DB0022CDE0 /* ffmpegUITests.swift */ = {isa = PBXFileReference; lastKnownFileType = sourcecode.swift; path = ffmpegUITests.swift; sourceTree = "<group>"; };
		853A03DA1DE891DB0022CDE0 /* Info.plist */ = {isa = PBXFileReference; lastKnownFileType = text.plist.xml; path = Info.plist; sourceTree = "<group>"; };
		8574AE411DE892B4001B8A18 /* FFmpeg-iOS */ = {isa = PBXFileReference; lastKnownFileType = folder; path = "FFmpeg-iOS"; sourceTree = "<group>"; };
		8574AE431DE892BE001B8A18 /* Header.h */ = {isa = PBXFileReference; lastKnownFileType = sourcecode.c.h; path = Header.h; sourceTree = "<group>"; };
		8574AE451DE8969A001B8A18 /* MediaPlayer.framework */ = {isa = PBXFileReference; lastKnownFileType = wrapper.framework; name = MediaPlayer.framework; path = System/Library/Frameworks/MediaPlayer.framework; sourceTree = SDKROOT; };
/* End PBXFileReference section */

/* Begin PBXFrameworksBuildPhase section */
		853A03B21DE891DB0022CDE0 /* Frameworks */ = {
			isa = PBXFrameworksBuildPhase;
			buildActionMask = 2147483647;
			files = (
				8574AE461DE8969A001B8A18 /* MediaPlayer.framework in Frameworks */,
			);
			runOnlyForDeploymentPostprocessing = 0;
		};
		853A03C61DE891DB0022CDE0 /* Frameworks */ = {
			isa = PBXFrameworksBuildPhase;
			buildActionMask = 2147483647;
			files = (
			);
			runOnlyForDeploymentPostprocessing = 0;
		};
		853A03D11DE891DB0022CDE0 /* Frameworks */ = {
			isa = PBXFrameworksBuildPhase;
			buildActionMask = 2147483647;
			files = (
			);
			runOnlyForDeploymentPostprocessing = 0;
		};
/* End PBXFrameworksBuildPhase section */

/* Begin PBXGroup section */
		853A03AC1DE891DB0022CDE0 = {
			isa = PBXGroup;
			children = (
				853A03B71DE891DB0022CDE0 /* ffmpeg */,
				853A03CC1DE891DB0022CDE0 /* ffmpegTests */,
				853A03D71DE891DB0022CDE0 /* ffmpegUITests */,
				853A03B61DE891DB0022CDE0 /* Products */,
				8574AE441DE8969A001B8A18 /* Frameworks */,
			);
			sourceTree = "<group>";
		};
		853A03B61DE891DB0022CDE0 /* Products */ = {
			isa = PBXGroup;
			children = (
				853A03B51DE891DB0022CDE0 /* ffmpeg.app */,
				853A03C91DE891DB0022CDE0 /* ffmpegTests.xctest */,
				853A03D41DE891DB0022CDE0 /* ffmpegUITests.xctest */,
			);
			name = Products;
			sourceTree = "<group>";
		};
		853A03B71DE891DB0022CDE0 /* ffmpeg */ = {
			isa = PBXGroup;
			children = (
				8574AE411DE892B4001B8A18 /* FFmpeg-iOS */,
				853A03B81DE891DB0022CDE0 /* AppDelegate.swift */,
				853A03BA1DE891DB0022CDE0 /* ViewController.swift */,
				853A03BC1DE891DB0022CDE0 /* Main.storyboard */,
				853A03BF1DE891DB0022CDE0 /* Assets.xcassets */,
				853A03C11DE891DB0022CDE0 /* LaunchScreen.storyboard */,
				8574AE431DE892BE001B8A18 /* Header.h */,
				853A03C41DE891DB0022CDE0 /* Info.plist */,
			);
			path = ffmpeg;
			sourceTree = "<group>";
		};
		853A03CC1DE891DB0022CDE0 /* ffmpegTests */ = {
			isa = PBXGroup;
			children = (
				853A03CD1DE891DB0022CDE0 /* ffmpegTests.swift */,
				853A03CF1DE891DB0022CDE0 /* Info.plist */,
			);
			path = ffmpegTests;
			sourceTree = "<group>";
		};
		853A03D71DE891DB0022CDE0 /* ffmpegUITests */ = {
			isa = PBXGroup;
			children = (
				853A03D81DE891DB0022CDE0 /* ffmpegUITests.swift */,
				853A03DA1DE891DB0022CDE0 /* Info.plist */,
			);
			path = ffmpegUITests;
			sourceTree = "<group>";
		};
		8574AE441DE8969A001B8A18 /* Frameworks */ = {
			isa = PBXGroup;
			children = (
				8574AE451DE8969A001B8A18 /* MediaPlayer.framework */,
			);
			name = Frameworks;
			sourceTree = "<group>";
		};
/* End PBXGroup section */

/* Begin PBXNativeTarget section */
		853A03B41DE891DB0022CDE0 /* ffmpeg */ = {
			isa = PBXNativeTarget;
			buildConfigurationList = 853A03DD1DE891DB0022CDE0 /* Build configuration list for PBXNativeTarget "ffmpeg" */;
			buildPhases = (
				853A03B11DE891DB0022CDE0 /* Sources */,
				853A03B21DE891DB0022CDE0 /* Frameworks */,
				853A03B31DE891DB0022CDE0 /* Resources */,
			);
			buildRules = (
			);
			dependencies = (
			);
			name = ffmpeg;
			productName = ffmpeg;
			productReference = 853A03B51DE891DB0022CDE0 /* ffmpeg.app */;
			productType = "com.apple.product-type.application";
		};
		853A03C81DE891DB0022CDE0 /* ffmpegTests */ = {
			isa = PBXNativeTarget;
			buildConfigurationList = 853A03E01DE891DB0022CDE0 /* Build configuration list for PBXNativeTarget "ffmpegTests" */;
			buildPhases = (
				853A03C51DE891DB0022CDE0 /* Sources */,
				853A03C61DE891DB0022CDE0 /* Frameworks */,
				853A03C71DE891DB0022CDE0 /* Resources */,
			);
			buildRules = (
			);
			dependencies = (
				853A03CB1DE891DB0022CDE0 /* PBXTargetDependency */,
			);
			name = ffmpegTests;
			productName = ffmpegTests;
			productReference = 853A03C91DE891DB0022CDE0 /* ffmpegTests.xctest */;
			productType = "com.apple.product-type.bundle.unit-test";
		};
		853A03D31DE891DB0022CDE0 /* ffmpegUITests */ = {
			isa = PBXNativeTarget;
			buildConfigurationList = 853A03E31DE891DB0022CDE0 /* Build configuration list for PBXNativeTarget "ffmpegUITests" */;
			buildPhases = (
				853A03D01DE891DB0022CDE0 /* Sources */,
				853A03D11DE891DB0022CDE0 /* Frameworks */,
				853A03D21DE891DB0022CDE0 /* Resources */,
			);
			buildRules = (
			);
			dependencies = (
				853A03D61DE891DB0022CDE0 /* PBXTargetDependency */,
			);
			name = ffmpegUITests;
			productName = ffmpegUITests;
			productReference = 853A03D41DE891DB0022CDE0 /* ffmpegUITests.xctest */;
			productType = "com.apple.product-type.bundle.ui-testing";
		};
/* End PBXNativeTarget section */

/* Begin PBXProject section */
		853A03AD1DE891DB0022CDE0 /* Project object */ = {
			isa = PBXProject;
			attributes = {
				LastSwiftUpdateCheck = 0810;
				LastUpgradeCheck = 0810;
				ORGANIZATIONNAME = "陈章";
				TargetAttributes = {
					853A03B41DE891DB0022CDE0 = {
						CreatedOnToolsVersion = 8.1;
						ProvisioningStyle = Automatic;
					};
					853A03C81DE891DB0022CDE0 = {
						CreatedOnToolsVersion = 8.1;
						ProvisioningStyle = Automatic;
						TestTargetID = 853A03B41DE891DB0022CDE0;
					};
					853A03D31DE891DB0022CDE0 = {
						CreatedOnToolsVersion = 8.1;
						ProvisioningStyle = Automatic;
						TestTargetID = 853A03B41DE891DB0022CDE0;
					};
				};
			};
			buildConfigurationList = 853A03B01DE891DB0022CDE0 /* Build configuration list for PBXProject "ffmpeg" */;
			compatibilityVersion = "Xcode 3.2";
			developmentRegion = English;
			hasScannedForEncodings = 0;
			knownRegions = (
				en,
				Base,
			);
			mainGroup = 853A03AC1DE891DB0022CDE0;
			productRefGroup = 853A03B61DE891DB0022CDE0 /* Products */;
			projectDirPath = "";
			projectRoot = "";
			targets = (
				853A03B41DE891DB0022CDE0 /* ffmpeg */,
				853A03C81DE891DB0022CDE0 /* ffmpegTests */,
				853A03D31DE891DB0022CDE0 /* ffmpegUITests */,
			);
		};
/* End PBXProject section */

/* Begin PBXResourcesBuildPhase section */
		853A03B31DE891DB0022CDE0 /* Resources */ = {
			isa = PBXResourcesBuildPhase;
			buildActionMask = 2147483647;
			files = (
				853A03C31DE891DB0022CDE0 /* LaunchScreen.storyboard in Resources */,
				853A03C01DE891DB0022CDE0 /* Assets.xcassets in Resources */,
				853A03BE1DE891DB0022CDE0 /* Main.storyboard in Resources */,
				8574AE421DE892B4001B8A18 /* FFmpeg-iOS in Resources */,
			);
			runOnlyForDeploymentPostprocessing = 0;
		};
		853A03C71DE891DB0022CDE0 /* Resources */ = {
			isa = PBXResourcesBuildPhase;
			buildActionMask = 2147483647;
			files = (
			);
			runOnlyForDeploymentPostprocessing = 0;
		};
		853A03D21DE891DB0022CDE0 /* Resources */ = {
			isa = PBXResourcesBuildPhase;
			buildActionMask = 2147483647;
			files = (
			);
			runOnlyForDeploymentPostprocessing = 0;
		};
/* End PBXResourcesBuildPhase section */

/* Begin PBXSourcesBuildPhase section */
		853A03B11DE891DB0022CDE0 /* Sources */ = {
			isa = PBXSourcesBuildPhase;
			buildActionMask = 2147483647;
			files = (
				853A03BB1DE891DB0022CDE0 /* ViewController.swift in Sources */,
				853A03B91DE891DB0022CDE0 /* AppDelegate.swift in Sources */,
			);
			runOnlyForDeploymentPostprocessing = 0;
		};
		853A03C51DE891DB0022CDE0 /* Sources */ = {
			isa = PBXSourcesBuildPhase;
			buildActionMask = 2147483647;
			files = (
				853A03CE1DE891DB0022CDE0 /* ffmpegTests.swift in Sources */,
			);
			runOnlyForDeploymentPostprocessing = 0;
		};
		853A03D01DE891DB0022CDE0 /* Sources */ = {
			isa = PBXSourcesBuildPhase;
			buildActionMask = 2147483647;
			files = (
				853A03D91DE891DB0022CDE0 /* ffmpegUITests.swift in Sources */,
			);
			runOnlyForDeploymentPostprocessing = 0;
		};
/* End PBXSourcesBuildPhase section */

/* Begin PBXTargetDependency section */
		853A03CB1DE891DB0022CDE0 /* PBXTargetDependency */ = {
			isa = PBXTargetDependency;
			target = 853A03B41DE891DB0022CDE0 /* ffmpeg */;
			targetProxy = 853A03CA1DE891DB0022CDE0 /* PBXContainerItemProxy */;
		};
		853A03D61DE891DB0022CDE0 /* PBXTargetDependency */ = {
			isa = PBXTargetDependency;
			target = 853A03B41DE891DB0022CDE0 /* ffmpeg */;
			targetProxy = 853A03D51DE891DB0022CDE0 /* PBXContainerItemProxy */;
		};
/* End PBXTargetDependency section */

/* Begin PBXVariantGroup section */
		853A03BC1DE891DB0022CDE0 /* Main.storyboard */ = {
			isa = PBXVariantGroup;
			children = (
				853A03BD1DE891DB0022CDE0 /* Base */,
			);
			name = Main.storyboard;
			sourceTree = "<group>";
		};
		853A03C11DE891DB0022CDE0 /* LaunchScreen.storyboard */ = {
			isa = PBXVariantGroup;
			children = (
				853A03C21DE891DB0022CDE0 /* Base */,
			);
			name = LaunchScreen.storyboard;
			sourceTree = "<group>";
		};
/* End PBXVariantGroup section */

/* Begin XCBuildConfiguration section */
		853A03DB1DE891DB0022CDE0 /* Debug */ = {
			isa = XCBuildConfiguration;
			buildSettings = {
				ALWAYS_SEARCH_USER_PATHS = NO;
				CLANG_ANALYZER_NONNULL = YES;
				CLANG_CXX_LANGUAGE_STANDARD = "gnu++0x";
				CLANG_CXX_LIBRARY = "libc++";
				CLANG_ENABLE_MODULES = YES;
				CLANG_ENABLE_OBJC_ARC = YES;
				CLANG_WARN_BOOL_CONVERSION = YES;
				CLANG_WARN_CONSTANT_CONVERSION = YES;
				CLANG_WARN_DIRECT_OBJC_ISA_USAGE = YES_ERROR;
				CLANG_WARN_DOCUMENTATION_COMMENTS = YES;
				CLANG_WARN_EMPTY_BODY = YES;
				CLANG_WARN_ENUM_CONVERSION = YES;
				CLANG_WARN_INFINITE_RECURSION = YES;
				CLANG_WARN_INT_CONVERSION = YES;
				CLANG_WARN_OBJC_ROOT_CLASS = YES_ERROR;
				CLANG_WARN_SUSPICIOUS_MOVES = YES;
				CLANG_WARN_UNREACHABLE_CODE = YES;
				CLANG_WARN__DUPLICATE_METHOD_MATCH = YES;
				"CODE_SIGN_IDENTITY[sdk=iphoneos*]" = "iPhone Developer";
				COPY_PHASE_STRIP = NO;
				DEBUG_INFORMATION_FORMAT = dwarf;
				ENABLE_STRICT_OBJC_MSGSEND = YES;
				ENABLE_TESTABILITY = YES;
				GCC_C_LANGUAGE_STANDARD = gnu99;
				GCC_DYNAMIC_NO_PIC = NO;
				GCC_NO_COMMON_BLOCKS = YES;
				GCC_OPTIMIZATION_LEVEL = 0;
				GCC_PREPROCESSOR_DEFINITIONS = (
					"DEBUG=1",
					"$(inherited)",
				);
				GCC_WARN_64_TO_32_BIT_CONVERSION = YES;
				GCC_WARN_ABOUT_RETURN_TYPE = YES_ERROR;
				GCC_WARN_UNDECLARED_SELECTOR = YES;
				GCC_WARN_UNINITIALIZED_AUTOS = YES_AGGRESSIVE;
				GCC_WARN_UNUSED_FUNCTION = YES;
				GCC_WARN_UNUSED_VARIABLE = YES;
				IPHONEOS_DEPLOYMENT_TARGET = 10.1;
				MTL_ENABLE_DEBUG_INFO = YES;
				ONLY_ACTIVE_ARCH = YES;
				SDKROOT = iphoneos;
				SWIFT_ACTIVE_COMPILATION_CONDITIONS = DEBUG;
				SWIFT_OPTIMIZATION_LEVEL = "-Onone";
			};
			name = Debug;
		};
		853A03DC1DE891DB0022CDE0 /* Release */ = {
			isa = XCBuildConfiguration;
			buildSettings = {
				ALWAYS_SEARCH_USER_PATHS = NO;
				CLANG_ANALYZER_NONNULL = YES;
				CLANG_CXX_LANGUAGE_STANDARD = "gnu++0x";
				CLANG_CXX_LIBRARY = "libc++";
				CLANG_ENABLE_MODULES = YES;
				CLANG_ENABLE_OBJC_ARC = YES;
				CLANG_WARN_BOOL_CONVERSION = YES;
				CLANG_WARN_CONSTANT_CONVERSION = YES;
				CLANG_WARN_DIRECT_OBJC_ISA_USAGE = YES_ERROR;
				CLANG_WARN_DOCUMENTATION_COMMENTS = YES;
				CLANG_WARN_EMPTY_BODY = YES;
				CLANG_WARN_ENUM_CONVERSION = YES;
				CLANG_WARN_INFINITE_RECURSION = YES;
				CLANG_WARN_INT_CONVERSION = YES;
				CLANG_WARN_OBJC_ROOT_CLASS = YES_ERROR;
				CLANG_WARN_SUSPICIOUS_MOVES = YES;
				CLANG_WARN_UNREACHABLE_CODE = YES;
				CLANG_WARN__DUPLICATE_METHOD_MATCH = YES;
				"CODE_SIGN_IDENTITY[sdk=iphoneos*]" = "iPhone Developer";
				COPY_PHASE_STRIP = NO;
				DEBUG_INFORMATION_FORMAT = "dwarf-with-dsym";
				ENABLE_NS_ASSERTIONS = NO;
				ENABLE_STRICT_OBJC_MSGSEND = YES;
				GCC_C_LANGUAGE_STANDARD = gnu99;
				GCC_NO_COMMON_BLOCKS = YES;
				GCC_WARN_64_TO_32_BIT_CONVERSION = YES;
				GCC_WARN_ABOUT_RETURN_TYPE = YES_ERROR;
				GCC_WARN_UNDECLARED_SELECTOR = YES;
				GCC_WARN_UNINITIALIZED_AUTOS = YES_AGGRESSIVE;
				GCC_WARN_UNUSED_FUNCTION = YES;
				GCC_WARN_UNUSED_VARIABLE = YES;
				IPHONEOS_DEPLOYMENT_TARGET = 10.1;
				MTL_ENABLE_DEBUG_INFO = NO;
				SDKROOT = iphoneos;
				SWIFT_OPTIMIZATION_LEVEL = "-Owholemodule";
				VALIDATE_PRODUCT = YES;
			};
			name = Release;
		};
		853A03DE1DE891DB0022CDE0 /* Debug */ = {
			isa = XCBuildConfiguration;
			buildSettings = {
				ASSETCATALOG_COMPILER_APPICON_NAME = AppIcon;
				"HEADER_SEARCH_PATHS[arch=*]" = "$(PROJECT_DIR)/ffmpeg/FFmpeg-ios/include";
				INFOPLIST_FILE = ffmpeg/Info.plist;
				LD_RUNPATH_SEARCH_PATHS = "$(inherited) @executable_path/Frameworks";
				"LIBRARY_SEARCH_PATHS[arch=*]" = "$(PROJECT_DIR)/ffmpeg/FFmpeg-ios/lib";
				PRODUCT_BUNDLE_IDENTIFIER = ios.swift.ffmpeg;
				PRODUCT_NAME = "$(TARGET_NAME)";
				"SWIFT_OBJC_BRIDGING_HEADER[arch=*]" = "$(PROJECT_DIR)/ffmpeg/Header.h";
				SWIFT_VERSION = 3.0;
			};
			name = Debug;
		};
		853A03DF1DE891DB0022CDE0 /* Release */ = {
			isa = XCBuildConfiguration;
			buildSettings = {
				ASSETCATALOG_COMPILER_APPICON_NAME = AppIcon;
				"HEADER_SEARCH_PATHS[arch=*]" = "$(PROJECT_DIR)/ffmpeg/FFmpeg-ios/include";
				INFOPLIST_FILE = ffmpeg/Info.plist;
				LD_RUNPATH_SEARCH_PATHS = "$(inherited) @executable_path/Frameworks";
				"LIBRARY_SEARCH_PATHS[arch=*]" = "$(PROJECT_DIR)/ffmpeg/FFmpeg-ios/lib";
				PRODUCT_BUNDLE_IDENTIFIER = ios.swift.ffmpeg;
				PRODUCT_NAME = "$(TARGET_NAME)";
				"SWIFT_OBJC_BRIDGING_HEADER[arch=*]" = "$(PROJECT_DIR)/ffmpeg/Header.h";
				SWIFT_VERSION = 3.0;
			};
			name = Release;
		};
		853A03E11DE891DB0022CDE0 /* Debug */ = {
			isa = XCBuildConfiguration;
			buildSettings = {
				ALWAYS_EMBED_SWIFT_STANDARD_LIBRARIES = YES;
				BUNDLE_LOADER = "$(TEST_HOST)";
				INFOPLIST_FILE = ffmpegTests/Info.plist;
				LD_RUNPATH_SEARCH_PATHS = "$(inherited) @executable_path/Frameworks @loader_path/Frameworks";
				PRODUCT_BUNDLE_IDENTIFIER = ios.swift.ffmpegTests;
				PRODUCT_NAME = "$(TARGET_NAME)";
				SWIFT_VERSION = 3.0;
				TEST_HOST = "$(BUILT_PRODUCTS_DIR)/ffmpeg.app/ffmpeg";
			};
			name = Debug;
		};
		853A03E21DE891DB0022CDE0 /* Release */ = {
			isa = XCBuildConfiguration;
			buildSettings = {
				ALWAYS_EMBED_SWIFT_STANDARD_LIBRARIES = YES;
				BUNDLE_LOADER = "$(TEST_HOST)";
				INFOPLIST_FILE = ffmpegTests/Info.plist;
				LD_RUNPATH_SEARCH_PATHS = "$(inherited) @executable_path/Frameworks @loader_path/Frameworks";
				PRODUCT_BUNDLE_IDENTIFIER = ios.swift.ffmpegTests;
				PRODUCT_NAME = "$(TARGET_NAME)";
				SWIFT_VERSION = 3.0;
				TEST_HOST = "$(BUILT_PRODUCTS_DIR)/ffmpeg.app/ffmpeg";
			};
			name = Release;
		};
		853A03E41DE891DB0022CDE0 /* Debug */ = {
			isa = XCBuildConfiguration;
			buildSettings = {
				ALWAYS_EMBED_SWIFT_STANDARD_LIBRARIES = YES;
				INFOPLIST_FILE = ffmpegUITests/Info.plist;
				LD_RUNPATH_SEARCH_PATHS = "$(inherited) @executable_path/Frameworks @loader_path/Frameworks";
				PRODUCT_BUNDLE_IDENTIFIER = ios.swift.ffmpegUITests;
				PRODUCT_NAME = "$(TARGET_NAME)";
				SWIFT_VERSION = 3.0;
				TEST_TARGET_NAME = ffmpeg;
			};
			name = Debug;
		};
		853A03E51DE891DB0022CDE0 /* Release */ = {
			isa = XCBuildConfiguration;
			buildSettings = {
				ALWAYS_EMBED_SWIFT_STANDARD_LIBRARIES = YES;
				INFOPLIST_FILE = ffmpegUITests/Info.plist;
				LD_RUNPATH_SEARCH_PATHS = "$(inherited) @executable_path/Frameworks @loader_path/Frameworks";
				PRODUCT_BUNDLE_IDENTIFIER = ios.swift.ffmpegUITests;
				PRODUCT_NAME = "$(TARGET_NAME)";
				SWIFT_VERSION = 3.0;
				TEST_TARGET_NAME = ffmpeg;
			};
			name = Release;
		};
/* End XCBuildConfiguration section */

/* Begin XCConfigurationList section */
		853A03B01DE891DB0022CDE0 /* Build configuration list for PBXProject "ffmpeg" */ = {
			isa = XCConfigurationList;
			buildConfigurations = (
				853A03DB1DE891DB0022CDE0 /* Debug */,
				853A03DC1DE891DB0022CDE0 /* Release */,
			);
			defaultConfigurationIsVisible = 0;
			defaultConfigurationName = Release;
		};
		853A03DD1DE891DB0022CDE0 /* Build configuration list for PBXNativeTarget "ffmpeg" */ = {
			isa = XCConfigurationList;
			buildConfigurations = (
				853A03DE1DE891DB0022CDE0 /* Debug */,
				853A03DF1DE891DB0022CDE0 /* Release */,
			);
			defaultConfigurationIsVisible = 0;
			defaultConfigurationName = Release;
		};
		853A03E01DE891DB0022CDE0 /* Build configuration list for PBXNativeTarget "ffmpegTests" */ = {
			isa = XCConfigurationList;
			buildConfigurations = (
				853A03E11DE891DB0022CDE0 /* Debug */,
				853A03E21DE891DB0022CDE0 /* Release */,
			);
			defaultConfigurationIsVisible = 0;
			defaultConfigurationName = Release;
		};
		853A03E31DE891DB0022CDE0 /* Build configuration list for PBXNativeTarget "ffmpegUITests" */ = {
			isa = XCConfigurationList;
			buildConfigurations = (
				853A03E41DE891DB0022CDE0 /* Debug */,
				853A03E51DE891DB0022CDE0 /* Release */,
			);
			defaultConfigurationIsVisible = 0;
			defaultConfigurationName = Release;
		};
/* End XCConfigurationList section */
	};
	rootObject = 853A03AD1DE891DB0022CDE0 /* Project object */;
}
